
Microsoft Visual Studio Solution File, Format Version 12.00
# Visual Studio Version 16
VisualStudioVersion = 16.0.31424.327
MinimumVisualStudioVersion = 10.0.40219.1
Project("{FAE04EC0-301F-11D3-BF4B-00C04F79EFBC}") = "EquiposNBA", "EquiposNBA\EquiposNBA.csproj", "{CE7F7462-5853-47B4-819F-0F8274D9A69C}"
EndProject
Global
	GlobalSection(SolutionConfigurationPlatforms) = preSolution
		Debug|Any CPU = Debug|Any CPU
		Release|Any CPU = Release|Any CPU
	EndGlobalSection
	GlobalSection(ProjectConfigurationPlatforms) = postSolution
		{CE7F7462-5853-47B4-819F-0F8274D9A69C}.Debug|Any CPU.ActiveCfg = Debug|Any CPU
		{CE7F7462-5853-47B4-819F-0F8274D9A69C}.Debug|Any CPU.Build.0 = Debug|Any CPU
		{CE7F7462-5853-47B4-819F-0F8274D9A69C}.Release|Any CPU.ActiveCfg = Release|Any CPU
		{CE7F7462-5853-47B4-819F-0F8274D9A69C}.Release|Any CPU.Build.0 = Release|Any CPU
	EndGlobalSection
	GlobalSection(SolutionProperties) = preSolution
		HideSolutionNode = FALSE
	EndGlobalSection
	GlobalSection(ExtensibilityGlobals) = postSolution
		SolutionGuid = {2822C9B0-FF9D-4A97-88A8-09EA62ACC7BB}
	EndGlobalSection
EndGlobal
